
Microsoft Visual Studio Solution File, Format Version 12.00
# Visual Studio Version 16
VisualStudioVersion = 16.0.31205.134
MinimumVisualStudioVersion = 10.0.40219.1
Project("{FAE04EC0-301F-11D3-BF4B-00C04F79EFBC}") = "ProjektDM_13185", "ProjektDM_13185\ProjektDM_13185.csproj", "{573AC802-9745-4EF4-A453-04EFC4BAE835}"
EndProject
Global
	GlobalSection(SolutionConfigurationPlatforms) = preSolution
		Debug|Any CPU = Debug|Any CPU
		Release|Any CPU = Release|Any CPU
	EndGlobalSection
	GlobalSection(ProjectConfigurationPlatforms) = postSolution
		{573AC802-9745-4EF4-A453-04EFC4BAE835}.Debug|Any CPU.ActiveCfg = Debug|Any CPU
		{573AC802-9745-4EF4-A453-04EFC4BAE835}.Debug|Any CPU.Build.0 = Debug|Any CPU
		{573AC802-9745-4EF4-A453-04EFC4BAE835}.Release|Any CPU.ActiveCfg = Release|Any CPU
		{573AC802-9745-4EF4-A453-04EFC4BAE835}.Release|Any CPU.Build.0 = Release|Any CPU
	EndGlobalSection
	GlobalSection(SolutionProperties) = preSolution
		HideSolutionNode = FALSE
	EndGlobalSection
	GlobalSection(ExtensibilityGlobals) = postSolution
		SolutionGuid = {36943CFA-58FA-4F99-B40D-A913786AC7B6}
	EndGlobalSection
EndGlobal
